
Microsoft Visual Studio Solution File, Format Version 12.00
# Visual Studio Version 16
VisualStudioVersion = 16.0.31702.278
MinimumVisualStudioVersion = 10.0.40219.1
Project("{FAE04EC0-301F-11D3-BF4B-00C04F79EFBC}") = "MatZeroTouch", "MatZeroTouch\MatZeroTouch.csproj", "{E9642CC7-F770-46DA-B7A7-6278E4E99BFF}"
EndProject
Project("{FAE04EC0-301F-11D3-BF4B-00C04F79EFBC}") = "AutoCad.Lib", "AutoCad.Lib\AutoCad.Lib.csproj", "{2474DFC0-DD6A-45BF-9B08-E4F66E97430A}"
EndProject
Global
	GlobalSection(SolutionConfigurationPlatforms) = preSolution
		Debug|Any CPU = Debug|Any CPU
		Release|Any CPU = Release|Any CPU
	EndGlobalSection
	GlobalSection(ProjectConfigurationPlatforms) = postSolution
		{E9642CC7-F770-46DA-B7A7-6278E4E99BFF}.Debug|Any CPU.ActiveCfg = Debug|Any CPU
		{E9642CC7-F770-46DA-B7A7-6278E4E99BFF}.Debug|Any CPU.Build.0 = Debug|Any CPU
		{E9642CC7-F770-46DA-B7A7-6278E4E99BFF}.Release|Any CPU.ActiveCfg = Release|Any CPU
		{E9642CC7-F770-46DA-B7A7-6278E4E99BFF}.Release|Any CPU.Build.0 = Release|Any CPU
		{2474DFC0-DD6A-45BF-9B08-E4F66E97430A}.Debug|Any CPU.ActiveCfg = Debug|Any CPU
		{2474DFC0-DD6A-45BF-9B08-E4F66E97430A}.Debug|Any CPU.Build.0 = Debug|Any CPU
		{2474DFC0-DD6A-45BF-9B08-E4F66E97430A}.Release|Any CPU.ActiveCfg = Release|Any CPU
		{2474DFC0-DD6A-45BF-9B08-E4F66E97430A}.Release|Any CPU.Build.0 = Release|Any CPU
	EndGlobalSection
	GlobalSection(SolutionProperties) = preSolution
		HideSolutionNode = FALSE
	EndGlobalSection
	GlobalSection(ExtensibilityGlobals) = postSolution
		SolutionGuid = {F8CF1EC3-CF20-4AAE-A2DE-A2582E886734}
	EndGlobalSection
EndGlobal
